// !$*UTF8*$!
{
	archiveVersion = 1;
	classes = {
	};
	objectVersion = 56;
	objects = {

/* Begin PBXBuildFile section */
		4E56EC112A0751B700E02FE7 /* AfricaAnimalsApp.swift in Sources */ = {isa = PBXBuildFile; fileRef = 4E56EC102A0751B700E02FE7 /* AfricaAnimalsApp.swift */; };
		4E56EC132A0751B700E02FE7 /* ContentView.swift in Sources */ = {isa = PBXBuildFile; fileRef = 4E56EC122A0751B700E02FE7 /* ContentView.swift */; };
		4E56EC152A0751B900E02FE7 /* Assets.xcassets in Resources */ = {isa = PBXBuildFile; fileRef = 4E56EC142A0751B900E02FE7 /* Assets.xcassets */; };
		4E56EC182A0751B900E02FE7 /* Preview Assets.xcassets in Resources */ = {isa = PBXBuildFile; fileRef = 4E56EC172A0751B900E02FE7 /* Preview Assets.xcassets */; };
		4E56EC292A0753FD00E02FE7 /* giraffe.mp4 in Resources */ = {isa = PBXBuildFile; fileRef = 4E56EC1F2A0753FB00E02FE7 /* giraffe.mp4 */; };
		4E56EC2A2A0753FD00E02FE7 /* gorilla.mp4 in Resources */ = {isa = PBXBuildFile; fileRef = 4E56EC202A0753FB00E02FE7 /* gorilla.mp4 */; };
		4E56EC2B2A0753FD00E02FE7 /* ostrich.mp4 in Resources */ = {isa = PBXBuildFile; fileRef = 4E56EC212A0753FB00E02FE7 /* ostrich.mp4 */; };
		4E56EC2C2A0753FD00E02FE7 /* hippo.mp4 in Resources */ = {isa = PBXBuildFile; fileRef = 4E56EC222A0753FB00E02FE7 /* hippo.mp4 */; };
		4E56EC2D2A0753FD00E02FE7 /* elephant.mp4 in Resources */ = {isa = PBXBuildFile; fileRef = 4E56EC232A0753FC00E02FE7 /* elephant.mp4 */; };
		4E56EC2E2A0753FD00E02FE7 /* lioness.mp4 in Resources */ = {isa = PBXBuildFile; fileRef = 4E56EC242A0753FC00E02FE7 /* lioness.mp4 */; };
		4E56EC2F2A0753FD00E02FE7 /* cheetah.mp4 in Resources */ = {isa = PBXBuildFile; fileRef = 4E56EC252A0753FC00E02FE7 /* cheetah.mp4 */; };
		4E56EC302A0753FD00E02FE7 /* lion.mp4 in Resources */ = {isa = PBXBuildFile; fileRef = 4E56EC262A0753FD00E02FE7 /* lion.mp4 */; };
		4E56EC312A0753FD00E02FE7 /* rhino.mp4 in Resources */ = {isa = PBXBuildFile; fileRef = 4E56EC272A0753FD00E02FE7 /* rhino.mp4 */; };
		4E56EC322A0753FD00E02FE7 /* zebra.mp4 in Resources */ = {isa = PBXBuildFile; fileRef = 4E56EC282A0753FD00E02FE7 /* zebra.mp4 */; };
		4E56EC382A07544200E02FE7 /* animals.json in Resources */ = {isa = PBXBuildFile; fileRef = 4E56EC342A07544200E02FE7 /* animals.json */; };
		4E56EC392A07544200E02FE7 /* locations.json in Resources */ = {isa = PBXBuildFile; fileRef = 4E56EC352A07544200E02FE7 /* locations.json */; };
		4E56EC3A2A07544200E02FE7 /* videos.json in Resources */ = {isa = PBXBuildFile; fileRef = 4E56EC362A07544200E02FE7 /* videos.json */; };
		4E56EC3B2A07544200E02FE7 /* covers.json in Resources */ = {isa = PBXBuildFile; fileRef = 4E56EC372A07544200E02FE7 /* covers.json */; };
		4E56EC412A07562E00E02FE7 /* MapView.swift in Sources */ = {isa = PBXBuildFile; fileRef = 4E56EC402A07562E00E02FE7 /* MapView.swift */; };
		4E56EC432A07563E00E02FE7 /* GalleryView.swift in Sources */ = {isa = PBXBuildFile; fileRef = 4E56EC422A07563E00E02FE7 /* GalleryView.swift */; };
		4E56EC452A07564F00E02FE7 /* MainView.swift in Sources */ = {isa = PBXBuildFile; fileRef = 4E56EC442A07564F00E02FE7 /* MainView.swift */; };
		4E56EC482A075AE600E02FE7 /* TabItemView.swift in Sources */ = {isa = PBXBuildFile; fileRef = 4E56EC472A075AE600E02FE7 /* TabItemView.swift */; };
		4E56EC4A2A075DF500E02FE7 /* VideoListView.swift in Sources */ = {isa = PBXBuildFile; fileRef = 4E56EC492A075DF500E02FE7 /* VideoListView.swift */; };
/* End PBXBuildFile section */

/* Begin PBXFileReference section */
		4E56EC0D2A0751B700E02FE7 /* AfricaAnimals.app */ = {isa = PBXFileReference; explicitFileType = wrapper.application; includeInIndex = 0; path = AfricaAnimals.app; sourceTree = BUILT_PRODUCTS_DIR; };
		4E56EC102A0751B700E02FE7 /* AfricaAnimalsApp.swift */ = {isa = PBXFileReference; lastKnownFileType = sourcecode.swift; path = AfricaAnimalsApp.swift; sourceTree = "<group>"; };
		4E56EC122A0751B700E02FE7 /* ContentView.swift */ = {isa = PBXFileReference; lastKnownFileType = sourcecode.swift; path = ContentView.swift; sourceTree = "<group>"; };
		4E56EC142A0751B900E02FE7 /* Assets.xcassets */ = {isa = PBXFileReference; lastKnownFileType = folder.assetcatalog; path = Assets.xcassets; sourceTree = "<group>"; };
		4E56EC172A0751B900E02FE7 /* Preview Assets.xcassets */ = {isa = PBXFileReference; lastKnownFileType = folder.assetcatalog; path = "Preview Assets.xcassets"; sourceTree = "<group>"; };
		4E56EC1F2A0753FB00E02FE7 /* giraffe.mp4 */ = {isa = PBXFileReference; lastKnownFileType = file; path = giraffe.mp4; sourceTree = "<group>"; };
		4E56EC202A0753FB00E02FE7 /* gorilla.mp4 */ = {isa = PBXFileReference; lastKnownFileType = file; path = gorilla.mp4; sourceTree = "<group>"; };
		4E56EC212A0753FB00E02FE7 /* ostrich.mp4 */ = {isa = PBXFileReference; lastKnownFileType = file; path = ostrich.mp4; sourceTree = "<group>"; };
		4E56EC222A0753FB00E02FE7 /* hippo.mp4 */ = {isa = PBXFileReference; lastKnownFileType = file; path = hippo.mp4; sourceTree = "<group>"; };
		4E56EC232A0753FC00E02FE7 /* elephant.mp4 */ = {isa = PBXFileReference; lastKnownFileType = file; path = elephant.mp4; sourceTree = "<group>"; };
		4E56EC242A0753FC00E02FE7 /* lioness.mp4 */ = {isa = PBXFileReference; lastKnownFileType = file; path = lioness.mp4; sourceTree = "<group>"; };
		4E56EC252A0753FC00E02FE7 /* cheetah.mp4 */ = {isa = PBXFileReference; lastKnownFileType = file; path = cheetah.mp4; sourceTree = "<group>"; };
		4E56EC262A0753FD00E02FE7 /* lion.mp4 */ = {isa = PBXFileReference; lastKnownFileType = file; path = lion.mp4; sourceTree = "<group>"; };
		4E56EC272A0753FD00E02FE7 /* rhino.mp4 */ = {isa = PBXFileReference; lastKnownFileType = file; path = rhino.mp4; sourceTree = "<group>"; };
		4E56EC282A0753FD00E02FE7 /* zebra.mp4 */ = {isa = PBXFileReference; lastKnownFileType = file; path = zebra.mp4; sourceTree = "<group>"; };
		4E56EC342A07544200E02FE7 /* animals.json */ = {isa = PBXFileReference; fileEncoding = 4; lastKnownFileType = text.json; path = animals.json; sourceTree = "<group>"; };
		4E56EC352A07544200E02FE7 /* locations.json */ = {isa = PBXFileReference; fileEncoding = 4; lastKnownFileType = text.json; path = locations.json; sourceTree = "<group>"; };
		4E56EC362A07544200E02FE7 /* videos.json */ = {isa = PBXFileReference; fileEncoding = 4; lastKnownFileType = text.json; path = videos.json; sourceTree = "<group>"; };
		4E56EC372A07544200E02FE7 /* covers.json */ = {isa = PBXFileReference; fileEncoding = 4; lastKnownFileType = text.json; path = covers.json; sourceTree = "<group>"; };
		4E56EC3C2A07552800E02FE7 /* Info.plist */ = {isa = PBXFileReference; lastKnownFileType = text.plist; path = Info.plist; sourceTree = "<group>"; };
		4E56EC402A07562E00E02FE7 /* MapView.swift */ = {isa = PBXFileReference; lastKnownFileType = sourcecode.swift; path = MapView.swift; sourceTree = "<group>"; };
		4E56EC422A07563E00E02FE7 /* GalleryView.swift */ = {isa = PBXFileReference; lastKnownFileType = sourcecode.swift; path = GalleryView.swift; sourceTree = "<group>"; };
		4E56EC442A07564F00E02FE7 /* MainView.swift */ = {isa = PBXFileReference; lastKnownFileType = sourcecode.swift; path = MainView.swift; sourceTree = "<group>"; };
		4E56EC472A075AE600E02FE7 /* TabItemView.swift */ = {isa = PBXFileReference; lastKnownFileType = sourcecode.swift; path = TabItemView.swift; sourceTree = "<group>"; };
		4E56EC492A075DF500E02FE7 /* VideoListView.swift */ = {isa = PBXFileReference; lastKnownFileType = sourcecode.swift; path = VideoListView.swift; sourceTree = "<group>"; };
/* End PBXFileReference section */

/* Begin PBXFrameworksBuildPhase section */
		4E56EC0A2A0751B700E02FE7 /* Frameworks */ = {
			isa = PBXFrameworksBuildPhase;
			buildActionMask = 2147483647;
			files = (
			);
			runOnlyForDeploymentPostprocessing = 0;
		};
/* End PBXFrameworksBuildPhase section */

/* Begin PBXGroup section */
		4E56EC042A0751B700E02FE7 = {
			isa = PBXGroup;
			children = (
				4E56EC0F2A0751B700E02FE7 /* AfricaAnimals */,
				4E56EC0E2A0751B700E02FE7 /* Products */,
			);
			sourceTree = "<group>";
		};
		4E56EC0E2A0751B700E02FE7 /* Products */ = {
			isa = PBXGroup;
			children = (
				4E56EC0D2A0751B700E02FE7 /* AfricaAnimals.app */,
			);
			name = Products;
			sourceTree = "<group>";
		};
		4E56EC0F2A0751B700E02FE7 /* AfricaAnimals */ = {
			isa = PBXGroup;
			children = (
				4E56EC3C2A07552800E02FE7 /* Info.plist */,
				4E56EC332A07542300E02FE7 /* Data */,
				4E56EC1E2A0753C600E02FE7 /* Video */,
				4E56EC3D2A0755D700E02FE7 /* App */,
				4E56EC462A075AC400E02FE7 /* Views */,
				4E56EC142A0751B900E02FE7 /* Assets.xcassets */,
				4E56EC162A0751B900E02FE7 /* Preview Content */,
			);
			path = AfricaAnimals;
			sourceTree = "<group>";
		};
		4E56EC162A0751B900E02FE7 /* Preview Content */ = {
			isa = PBXGroup;
			children = (
				4E56EC172A0751B900E02FE7 /* Preview Assets.xcassets */,
			);
			path = "Preview Content";
			sourceTree = "<group>";
		};
		4E56EC1E2A0753C600E02FE7 /* Video */ = {
			isa = PBXGroup;
			children = (
				4E56EC252A0753FC00E02FE7 /* cheetah.mp4 */,
				4E56EC232A0753FC00E02FE7 /* elephant.mp4 */,
				4E56EC1F2A0753FB00E02FE7 /* giraffe.mp4 */,
				4E56EC202A0753FB00E02FE7 /* gorilla.mp4 */,
				4E56EC222A0753FB00E02FE7 /* hippo.mp4 */,
				4E56EC262A0753FD00E02FE7 /* lion.mp4 */,
				4E56EC242A0753FC00E02FE7 /* lioness.mp4 */,
				4E56EC212A0753FB00E02FE7 /* ostrich.mp4 */,
				4E56EC272A0753FD00E02FE7 /* rhino.mp4 */,
				4E56EC282A0753FD00E02FE7 /* zebra.mp4 */,
			);
			path = Video;
			sourceTree = "<group>";
		};
		4E56EC332A07542300E02FE7 /* Data */ = {
			isa = PBXGroup;
			children = (
				4E56EC342A07544200E02FE7 /* animals.json */,
				4E56EC372A07544200E02FE7 /* covers.json */,
				4E56EC352A07544200E02FE7 /* locations.json */,
				4E56EC362A07544200E02FE7 /* videos.json */,
			);
			path = Data;
			sourceTree = "<group>";
		};
		4E56EC3D2A0755D700E02FE7 /* App */ = {
			isa = PBXGroup;
			children = (
				4E56EC102A0751B700E02FE7 /* AfricaAnimalsApp.swift */,
				4E56EC122A0751B700E02FE7 /* ContentView.swift */,
				4E56EC402A07562E00E02FE7 /* MapView.swift */,
				4E56EC422A07563E00E02FE7 /* GalleryView.swift */,
				4E56EC442A07564F00E02FE7 /* MainView.swift */,
				4E56EC492A075DF500E02FE7 /* VideoListView.swift */,
			);
			path = App;
			sourceTree = "<group>";
		};
		4E56EC462A075AC400E02FE7 /* Views */ = {
			isa = PBXGroup;
			children = (
				4E56EC472A075AE600E02FE7 /* TabItemView.swift */,
			);
			path = Views;
			sourceTree = "<group>";
		};
/* End PBXGroup section */

/* Begin PBXNativeTarget section */
		4E56EC0C2A0751B700E02FE7 /* AfricaAnimals */ = {
			isa = PBXNativeTarget;
			buildConfigurationList = 4E56EC1B2A0751B900E02FE7 /* Build configuration list for PBXNativeTarget "AfricaAnimals" */;
			buildPhases = (
				4E56EC092A0751B700E02FE7 /* Sources */,
				4E56EC0A2A0751B700E02FE7 /* Frameworks */,
				4E56EC0B2A0751B700E02FE7 /* Resources */,
			);
			buildRules = (
			);
			dependencies = (
			);
			name = AfricaAnimals;
			productName = AfricaAnimals;
			productReference = 4E56EC0D2A0751B700E02FE7 /* AfricaAnimals.app */;
			productType = "com.apple.product-type.application";
		};
/* End PBXNativeTarget section */

/* Begin PBXProject section */
		4E56EC052A0751B700E02FE7 /* Project object */ = {
			isa = PBXProject;
			attributes = {
				BuildIndependentTargetsInParallel = 1;
				LastSwiftUpdateCheck = 1430;
				LastUpgradeCheck = 1430;
				TargetAttributes = {
					4E56EC0C2A0751B700E02FE7 = {
						CreatedOnToolsVersion = 14.3;
					};
				};
			};
			buildConfigurationList = 4E56EC082A0751B700E02FE7 /* Build configuration list for PBXProject "AfricaAnimals" */;
			compatibilityVersion = "Xcode 14.0";
			developmentRegion = en;
			hasScannedForEncodings = 0;
			knownRegions = (
				en,
				Base,
			);
			mainGroup = 4E56EC042A0751B700E02FE7;
			productRefGroup = 4E56EC0E2A0751B700E02FE7 /* Products */;
			projectDirPath = "";
			projectRoot = "";
			targets = (
				4E56EC0C2A0751B700E02FE7 /* AfricaAnimals */,
			);
		};
/* End PBXProject section */

/* Begin PBXResourcesBuildPhase section */
		4E56EC0B2A0751B700E02FE7 /* Resources */ = {
			isa = PBXResourcesBuildPhase;
			buildActionMask = 2147483647;
			files = (
				4E56EC392A07544200E02FE7 /* locations.json in Resources */,
				4E56EC2A2A0753FD00E02FE7 /* gorilla.mp4 in Resources */,
				4E56EC3A2A07544200E02FE7 /* videos.json in Resources */,
				4E56EC182A0751B900E02FE7 /* Preview Assets.xcassets in Resources */,
				4E56EC152A0751B900E02FE7 /* Assets.xcassets in Resources */,
				4E56EC3B2A07544200E02FE7 /* covers.json in Resources */,
				4E56EC302A0753FD00E02FE7 /* lion.mp4 in Resources */,
				4E56EC322A0753FD00E02FE7 /* zebra.mp4 in Resources */,
				4E56EC2B2A0753FD00E02FE7 /* ostrich.mp4 in Resources */,
				4E56EC2D2A0753FD00E02FE7 /* elephant.mp4 in Resources */,
				4E56EC382A07544200E02FE7 /* animals.json in Resources */,
				4E56EC2C2A0753FD00E02FE7 /* hippo.mp4 in Resources */,
				4E56EC292A0753FD00E02FE7 /* giraffe.mp4 in Resources */,
				4E56EC2E2A0753FD00E02FE7 /* lioness.mp4 in Resources */,
				4E56EC312A0753FD00E02FE7 /* rhino.mp4 in Resources */,
				4E56EC2F2A0753FD00E02FE7 /* cheetah.mp4 in Resources */,
			);
			runOnlyForDeploymentPostprocessing = 0;
		};
/* End PBXResourcesBuildPhase section */

/* Begin PBXSourcesBuildPhase section */
		4E56EC092A0751B700E02FE7 /* Sources */ = {
			isa = PBXSourcesBuildPhase;
			buildActionMask = 2147483647;
			files = (
				4E56EC132A0751B700E02FE7 /* ContentView.swift in Sources */,
				4E56EC482A075AE600E02FE7 /* TabItemView.swift in Sources */,
				4E56EC452A07564F00E02FE7 /* MainView.swift in Sources */,
				4E56EC412A07562E00E02FE7 /* MapView.swift in Sources */,
				4E56EC4A2A075DF500E02FE7 /* VideoListView.swift in Sources */,
				4E56EC112A0751B700E02FE7 /* AfricaAnimalsApp.swift in Sources */,
				4E56EC432A07563E00E02FE7 /* GalleryView.swift in Sources */,
			);
			runOnlyForDeploymentPostprocessing = 0;
		};
/* End PBXSourcesBuildPhase section */

/* Begin XCBuildConfiguration section */
		4E56EC192A0751B900E02FE7 /* Debug */ = {
			isa = XCBuildConfiguration;
			buildSettings = {
				ALWAYS_SEARCH_USER_PATHS = NO;
				CLANG_ANALYZER_NONNULL = YES;
				CLANG_ANALYZER_NUMBER_OBJECT_CONVERSION = YES_AGGRESSIVE;
				CLANG_CXX_LANGUAGE_STANDARD = "gnu++20";
				CLANG_ENABLE_MODULES = YES;
				CLANG_ENABLE_OBJC_ARC = YES;
				CLANG_ENABLE_OBJC_WEAK = YES;
				CLANG_WARN_BLOCK_CAPTURE_AUTORELEASING = YES;
				CLANG_WARN_BOOL_CONVERSION = YES;
				CLANG_WARN_COMMA = YES;
				CLANG_WARN_CONSTANT_CONVERSION = YES;
				CLANG_WARN_DEPRECATED_OBJC_IMPLEMENTATIONS = YES;
				CLANG_WARN_DIRECT_OBJC_ISA_USAGE = YES_ERROR;
				CLANG_WARN_DOCUMENTATION_COMMENTS = YES;
				CLANG_WARN_EMPTY_BODY = YES;
				CLANG_WARN_ENUM_CONVERSION = YES;
				CLANG_WARN_INFINITE_RECURSION = YES;
				CLANG_WARN_INT_CONVERSION = YES;
				CLANG_WARN_NON_LITERAL_NULL_CONVERSION = YES;
				CLANG_WARN_OBJC_IMPLICIT_RETAIN_SELF = YES;
				CLANG_WARN_OBJC_LITERAL_CONVERSION = YES;
				CLANG_WARN_OBJC_ROOT_CLASS = YES_ERROR;
				CLANG_WARN_QUOTED_INCLUDE_IN_FRAMEWORK_HEADER = YES;
				CLANG_WARN_RANGE_LOOP_ANALYSIS = YES;
				CLANG_WARN_STRICT_PROTOTYPES = YES;
				CLANG_WARN_SUSPICIOUS_MOVE = YES;
				CLANG_WARN_UNGUARDED_AVAILABILITY = YES_AGGRESSIVE;
				CLANG_WARN_UNREACHABLE_CODE = YES;
				CLANG_WARN__DUPLICATE_METHOD_MATCH = YES;
				COPY_PHASE_STRIP = NO;
				DEBUG_INFORMATION_FORMAT = dwarf;
				ENABLE_STRICT_OBJC_MSGSEND = YES;
				ENABLE_TESTABILITY = YES;
				GCC_C_LANGUAGE_STANDARD = gnu11;
				GCC_DYNAMIC_NO_PIC = NO;
				GCC_NO_COMMON_BLOCKS = YES;
				GCC_OPTIMIZATION_LEVEL = 0;
				GCC_PREPROCESSOR_DEFINITIONS = (
					"DEBUG=1",
					"$(inherited)",
				);
				GCC_WARN_64_TO_32_BIT_CONVERSION = YES;
				GCC_WARN_ABOUT_RETURN_TYPE = YES_ERROR;
				GCC_WARN_UNDECLARED_SELECTOR = YES;
				GCC_WARN_UNINITIALIZED_AUTOS = YES_AGGRESSIVE;
				GCC_WARN_UNUSED_FUNCTION = YES;
				GCC_WARN_UNUSED_VARIABLE = YES;
				IPHONEOS_DEPLOYMENT_TARGET = 16.4;
				MTL_ENABLE_DEBUG_INFO = INCLUDE_SOURCE;
				MTL_FAST_MATH = YES;
				ONLY_ACTIVE_ARCH = YES;
				SDKROOT = iphoneos;
				SWIFT_ACTIVE_COMPILATION_CONDITIONS = DEBUG;
				SWIFT_OPTIMIZATION_LEVEL = "-Onone";
			};
			name = Debug;
		};
		4E56EC1A2A0751B900E02FE7 /* Release */ = {
			isa = XCBuildConfiguration;
			buildSettings = {
				ALWAYS_SEARCH_USER_PATHS = NO;
				CLANG_ANALYZER_NONNULL = YES;
				CLANG_ANALYZER_NUMBER_OBJECT_CONVERSION = YES_AGGRESSIVE;
				CLANG_CXX_LANGUAGE_STANDARD = "gnu++20";
				CLANG_ENABLE_MODULES = YES;
				CLANG_ENABLE_OBJC_ARC = YES;
				CLANG_ENABLE_OBJC_WEAK = YES;
				CLANG_WARN_BLOCK_CAPTURE_AUTORELEASING = YES;
				CLANG_WARN_BOOL_CONVERSION = YES;
				CLANG_WARN_COMMA = YES;
				CLANG_WARN_CONSTANT_CONVERSION = YES;
				CLANG_WARN_DEPRECATED_OBJC_IMPLEMENTATIONS = YES;
				CLANG_WARN_DIRECT_OBJC_ISA_USAGE = YES_ERROR;
				CLANG_WARN_DOCUMENTATION_COMMENTS = YES;
				CLANG_WARN_EMPTY_BODY = YES;
				CLANG_WARN_ENUM_CONVERSION = YES;
				CLANG_WARN_INFINITE_RECURSION = YES;
				CLANG_WARN_INT_CONVERSION = YES;
				CLANG_WARN_NON_LITERAL_NULL_CONVERSION = YES;
				CLANG_WARN_OBJC_IMPLICIT_RETAIN_SELF = YES;
				CLANG_WARN_OBJC_LITERAL_CONVERSION = YES;
				CLANG_WARN_OBJC_ROOT_CLASS = YES_ERROR;
				CLANG_WARN_QUOTED_INCLUDE_IN_FRAMEWORK_HEADER = YES;
				CLANG_WARN_RANGE_LOOP_ANALYSIS = YES;
				CLANG_WARN_STRICT_PROTOTYPES = YES;
				CLANG_WARN_SUSPICIOUS_MOVE = YES;
				CLANG_WARN_UNGUARDED_AVAILABILITY = YES_AGGRESSIVE;
				CLANG_WARN_UNREACHABLE_CODE = YES;
				CLANG_WARN__DUPLICATE_METHOD_MATCH = YES;
				COPY_PHASE_STRIP = NO;
				DEBUG_INFORMATION_FORMAT = "dwarf-with-dsym";
				ENABLE_NS_ASSERTIONS = NO;
				ENABLE_STRICT_OBJC_MSGSEND = YES;
				GCC_C_LANGUAGE_STANDARD = gnu11;
				GCC_NO_COMMON_BLOCKS = YES;
				GCC_WARN_64_TO_32_BIT_CONVERSION = YES;
				GCC_WARN_ABOUT_RETURN_TYPE = YES_ERROR;
				GCC_WARN_UNDECLARED_SELECTOR = YES;
				GCC_WARN_UNINITIALIZED_AUTOS = YES_AGGRESSIVE;
				GCC_WARN_UNUSED_FUNCTION = YES;
				GCC_WARN_UNUSED_VARIABLE = YES;
				IPHONEOS_DEPLOYMENT_TARGET = 16.4;
				MTL_ENABLE_DEBUG_INFO = NO;
				MTL_FAST_MATH = YES;
				SDKROOT = iphoneos;
				SWIFT_COMPILATION_MODE = wholemodule;
				SWIFT_OPTIMIZATION_LEVEL = "-O";
				VALIDATE_PRODUCT = YES;
			};
			name = Release;
		};
		4E56EC1C2A0751B900E02FE7 /* Debug */ = {
			isa = XCBuildConfiguration;
			buildSettings = {
				ASSETCATALOG_COMPILER_APPICON_NAME = AppIcon;
				ASSETCATALOG_COMPILER_GLOBAL_ACCENT_COLOR_NAME = AccentColor;
				CODE_SIGN_STYLE = Automatic;
				CURRENT_PROJECT_VERSION = 1;
				DEVELOPMENT_ASSET_PATHS = "\"AfricaAnimals/Preview Content\"";
				DEVELOPMENT_TEAM = CA3TQV38GP;
				ENABLE_PREVIEWS = YES;
				GENERATE_INFOPLIST_FILE = YES;
				INFOPLIST_FILE = AfricaAnimals/Info.plist;
				INFOPLIST_KEY_UIApplicationSceneManifest_Generation = YES;
				INFOPLIST_KEY_UIApplicationSupportsIndirectInputEvents = YES;
				INFOPLIST_KEY_UISupportedInterfaceOrientations_iPad = "UIInterfaceOrientationPortrait UIInterfaceOrientationPortraitUpsideDown UIInterfaceOrientationLandscapeLeft UIInterfaceOrientationLandscapeRight";
				INFOPLIST_KEY_UISupportedInterfaceOrientations_iPhone = "UIInterfaceOrientationPortrait UIInterfaceOrientationLandscapeLeft UIInterfaceOrientationLandscapeRight";
				INFOPLIST_KEY_UIUserInterfaceStyle = Dark;
				IPHONEOS_DEPLOYMENT_TARGET = 14.0;
				LD_RUNPATH_SEARCH_PATHS = (
					"$(inherited)",
					"@executable_path/Frameworks",
				);
				MARKETING_VERSION = 1.0;
				PRODUCT_BUNDLE_IDENTIFIER = com.dodiaditya.AfricaAnimals;
				PRODUCT_NAME = "$(TARGET_NAME)";
				SWIFT_EMIT_LOC_STRINGS = YES;
				SWIFT_VERSION = 5.0;
				TARGETED_DEVICE_FAMILY = "1,2";
			};
			name = Debug;
		};
		4E56EC1D2A0751B900E02FE7 /* Release */ = {
			isa = XCBuildConfiguration;
			buildSettings = {
				ASSETCATALOG_COMPILER_APPICON_NAME = AppIcon;
				ASSETCATALOG_COMPILER_GLOBAL_ACCENT_COLOR_NAME = AccentColor;
				CODE_SIGN_STYLE = Automatic;
				CURRENT_PROJECT_VERSION = 1;
				DEVELOPMENT_ASSET_PATHS = "\"AfricaAnimals/Preview Content\"";
				DEVELOPMENT_TEAM = CA3TQV38GP;
				ENABLE_PREVIEWS = YES;
				GENERATE_INFOPLIST_FILE = YES;
				INFOPLIST_FILE = AfricaAnimals/Info.plist;
				INFOPLIST_KEY_UIApplicationSceneManifest_Generation = YES;
				INFOPLIST_KEY_UIApplicationSupportsIndirectInputEvents = YES;
				INFOPLIST_KEY_UISupportedInterfaceOrientations_iPad = "UIInterfaceOrientationPortrait UIInterfaceOrientationPortraitUpsideDown UIInterfaceOrientationLandscapeLeft UIInterfaceOrientationLandscapeRight";
				INFOPLIST_KEY_UISupportedInterfaceOrientations_iPhone = "UIInterfaceOrientationPortrait UIInterfaceOrientationLandscapeLeft UIInterfaceOrientationLandscapeRight";
				INFOPLIST_KEY_UIUserInterfaceStyle = Dark;
				IPHONEOS_DEPLOYMENT_TARGET = 14.0;
				LD_RUNPATH_SEARCH_PATHS = (
					"$(inherited)",
					"@executable_path/Frameworks",
				);
				MARKETING_VERSION = 1.0;
				PRODUCT_BUNDLE_IDENTIFIER = com.dodiaditya.AfricaAnimals;
				PRODUCT_NAME = "$(TARGET_NAME)";
				SWIFT_EMIT_LOC_STRINGS = YES;
				SWIFT_VERSION = 5.0;
				TARGETED_DEVICE_FAMILY = "1,2";
			};
			name = Release;
		};
/* End XCBuildConfiguration section */

/* Begin XCConfigurationList section */
		4E56EC082A0751B700E02FE7 /* Build configuration list for PBXProject "AfricaAnimals" */ = {
			isa = XCConfigurationList;
			buildConfigurations = (
				4E56EC192A0751B900E02FE7 /* Debug */,
				4E56EC1A2A0751B900E02FE7 /* Release */,
			);
			defaultConfigurationIsVisible = 0;
			defaultConfigurationName = Release;
		};
		4E56EC1B2A0751B900E02FE7 /* Build configuration list for PBXNativeTarget "AfricaAnimals" */ = {
			isa = XCConfigurationList;
			buildConfigurations = (
				4E56EC1C2A0751B900E02FE7 /* Debug */,
				4E56EC1D2A0751B900E02FE7 /* Release */,
			);
			defaultConfigurationIsVisible = 0;
			defaultConfigurationName = Release;
		};
/* End XCConfigurationList section */
	};
	rootObject = 4E56EC052A0751B700E02FE7 /* Project object */;
}
